// !$*UTF8*$!
{
	archiveVersion = 1;
	classes = {
	};
	objectVersion = 48;
	objects = {

/* Begin PBXBuildFile section */
		5410A6C11FFFDF1200935A9A /* AppDelegate.swift in Sources */ = {isa = PBXBuildFile; fileRef = 5410A6C01FFFDF1200935A9A /* AppDelegate.swift */; };
		5410A6C31FFFDF1200935A9A /* WeatherViewController.swift in Sources */ = {isa = PBXBuildFile; fileRef = 5410A6C21FFFDF1200935A9A /* WeatherViewController.swift */; };
		5410A6C81FFFDF1200935A9A /* Assets.xcassets in Resources */ = {isa = PBXBuildFile; fileRef = 5410A6C71FFFDF1200935A9A /* Assets.xcassets */; };
		5410A6D31FFFDF6500935A9A /* ZipCodeHelper.swift in Sources */ = {isa = PBXBuildFile; fileRef = 5410A6D21FFFDF6500935A9A /* ZipCodeHelper.swift */; };
		810982D220087610004142A5 /* MapView.swift in Sources */ = {isa = PBXBuildFile; fileRef = 810982D120087610004142A5 /* MapView.swift */; };
		815FEAC92008743600CF9587 /* MapViewController.swift in Sources */ = {isa = PBXBuildFile; fileRef = 815FEAC82008743600CF9587 /* MapViewController.swift */; };
		819AA3142000942D00048DB7 /* FavoriteViewController.swift in Sources */ = {isa = PBXBuildFile; fileRef = 819AA3132000942D00048DB7 /* FavoriteViewController.swift */; };
		819AA31620009BCD00048DB7 /* DetailedWeatherViewController.swift in Sources */ = {isa = PBXBuildFile; fileRef = 819AA31520009BCD00048DB7 /* DetailedWeatherViewController.swift */; };
		819AA318200305B600048DB7 /* SavedForcastView.swift in Sources */ = {isa = PBXBuildFile; fileRef = 819AA317200305B600048DB7 /* SavedForcastView.swift */; };
		819AA31C20030FC500048DB7 /* ForcastSearchView.swift in Sources */ = {isa = PBXBuildFile; fileRef = 819AA31B20030FC500048DB7 /* ForcastSearchView.swift */; };
		819AA31E2003146A00048DB7 /* CustomSearchCollectionViewCell.swift in Sources */ = {isa = PBXBuildFile; fileRef = 819AA31D2003146A00048DB7 /* CustomSearchCollectionViewCell.swift */; };
		81D6F8DB20069EA600D1F3A7 /* DetailWeatherView.swift in Sources */ = {isa = PBXBuildFile; fileRef = 81D6F8DA20069EA600D1F3A7 /* DetailWeatherView.swift */; };
		81D6F8DD20070F5A00D1F3A7 /* NetworkHelper.swift in Sources */ = {isa = PBXBuildFile; fileRef = 81D6F8DC20070F5A00D1F3A7 /* NetworkHelper.swift */; };
		81D6F8DF2007138C00D1F3A7 /* Forcast Model.swift in Sources */ = {isa = PBXBuildFile; fileRef = 81D6F8DE2007138C00D1F3A7 /* Forcast Model.swift */; };
		81D6F8E12007CA4000D1F3A7 /* Forcast APIClient.swift in Sources */ = {isa = PBXBuildFile; fileRef = 81D6F8E02007CA4000D1F3A7 /* Forcast APIClient.swift */; };
		81D6F8E72007F26A00D1F3A7 /* Photo Model.swift in Sources */ = {isa = PBXBuildFile; fileRef = 81D6F8E62007F26A00D1F3A7 /* Photo Model.swift */; };
		81D6F8E92007F29300D1F3A7 /* Photo APIClient.swift in Sources */ = {isa = PBXBuildFile; fileRef = 81D6F8E82007F29300D1F3A7 /* Photo APIClient.swift */; };
		81D6F8EB2007F33B00D1F3A7 /* Image APIClient.swift in Sources */ = {isa = PBXBuildFile; fileRef = 81D6F8EA2007F33B00D1F3A7 /* Image APIClient.swift */; };
		81D6F8ED20080F1D00D1F3A7 /* FileManagerHelper.swift in Sources */ = {isa = PBXBuildFile; fileRef = 81D6F8EC20080F1D00D1F3A7 /* FileManagerHelper.swift */; };
		81D6F8EF20081F7900D1F3A7 /* CustomTableViewCell.swift in Sources */ = {isa = PBXBuildFile; fileRef = 81D6F8EE20081F7900D1F3A7 /* CustomTableViewCell.swift */; };
		81D6F8F320085D4700D1F3A7 /* UserDefaultsHelper.swift in Sources */ = {isa = PBXBuildFile; fileRef = 81D6F8F220085D4700D1F3A7 /* UserDefaultsHelper.swift */; };
/* End PBXBuildFile section */

/* Begin PBXFileReference section */
		5410A6BD1FFFDF1200935A9A /* Unit4Week3Homework-StudentVersion.app */ = {isa = PBXFileReference; explicitFileType = wrapper.application; includeInIndex = 0; path = "Unit4Week3Homework-StudentVersion.app"; sourceTree = BUILT_PRODUCTS_DIR; };
		5410A6C01FFFDF1200935A9A /* AppDelegate.swift */ = {isa = PBXFileReference; lastKnownFileType = sourcecode.swift; path = AppDelegate.swift; sourceTree = "<group>"; };
		5410A6C21FFFDF1200935A9A /* WeatherViewController.swift */ = {isa = PBXFileReference; lastKnownFileType = sourcecode.swift; path = WeatherViewController.swift; sourceTree = "<group>"; };
		5410A6C71FFFDF1200935A9A /* Assets.xcassets */ = {isa = PBXFileReference; lastKnownFileType = folder.assetcatalog; path = Assets.xcassets; sourceTree = "<group>"; };
		5410A6CC1FFFDF1200935A9A /* Info.plist */ = {isa = PBXFileReference; lastKnownFileType = text.plist.xml; path = Info.plist; sourceTree = "<group>"; };
		5410A6D21FFFDF6500935A9A /* ZipCodeHelper.swift */ = {isa = PBXFileReference; lastKnownFileType = sourcecode.swift; path = ZipCodeHelper.swift; sourceTree = "<group>"; };
		810982D120087610004142A5 /* MapView.swift */ = {isa = PBXFileReference; lastKnownFileType = sourcecode.swift; path = MapView.swift; sourceTree = "<group>"; };
		815FEAC82008743600CF9587 /* MapViewController.swift */ = {isa = PBXFileReference; lastKnownFileType = sourcecode.swift; path = MapViewController.swift; sourceTree = "<group>"; };
		819AA3132000942D00048DB7 /* FavoriteViewController.swift */ = {isa = PBXFileReference; lastKnownFileType = sourcecode.swift; path = FavoriteViewController.swift; sourceTree = "<group>"; };
		819AA31520009BCD00048DB7 /* DetailedWeatherViewController.swift */ = {isa = PBXFileReference; lastKnownFileType = sourcecode.swift; path = DetailedWeatherViewController.swift; sourceTree = "<group>"; };
		819AA317200305B600048DB7 /* SavedForcastView.swift */ = {isa = PBXFileReference; lastKnownFileType = sourcecode.swift; path = SavedForcastView.swift; sourceTree = "<group>"; };
		819AA31B20030FC500048DB7 /* ForcastSearchView.swift */ = {isa = PBXFileReference; lastKnownFileType = sourcecode.swift; path = ForcastSearchView.swift; sourceTree = "<group>"; };
		819AA31D2003146A00048DB7 /* CustomSearchCollectionViewCell.swift */ = {isa = PBXFileReference; lastKnownFileType = sourcecode.swift; path = CustomSearchCollectionViewCell.swift; sourceTree = "<group>"; };
		81D6F8DA20069EA600D1F3A7 /* DetailWeatherView.swift */ = {isa = PBXFileReference; lastKnownFileType = sourcecode.swift; path = DetailWeatherView.swift; sourceTree = "<group>"; };
		81D6F8DC20070F5A00D1F3A7 /* NetworkHelper.swift */ = {isa = PBXFileReference; lastKnownFileType = sourcecode.swift; path = NetworkHelper.swift; sourceTree = "<group>"; };
		81D6F8DE2007138C00D1F3A7 /* Forcast Model.swift */ = {isa = PBXFileReference; lastKnownFileType = sourcecode.swift; path = "Forcast Model.swift"; sourceTree = "<group>"; };
		81D6F8E02007CA4000D1F3A7 /* Forcast APIClient.swift */ = {isa = PBXFileReference; lastKnownFileType = sourcecode.swift; path = "Forcast APIClient.swift"; sourceTree = "<group>"; };
		81D6F8E62007F26A00D1F3A7 /* Photo Model.swift */ = {isa = PBXFileReference; lastKnownFileType = sourcecode.swift; path = "Photo Model.swift"; sourceTree = "<group>"; };
		81D6F8E82007F29300D1F3A7 /* Photo APIClient.swift */ = {isa = PBXFileReference; lastKnownFileType = sourcecode.swift; path = "Photo APIClient.swift"; sourceTree = "<group>"; };
		81D6F8EA2007F33B00D1F3A7 /* Image APIClient.swift */ = {isa = PBXFileReference; lastKnownFileType = sourcecode.swift; path = "Image APIClient.swift"; sourceTree = "<group>"; };
		81D6F8EC20080F1D00D1F3A7 /* FileManagerHelper.swift */ = {isa = PBXFileReference; lastKnownFileType = sourcecode.swift; path = FileManagerHelper.swift; sourceTree = "<group>"; };
		81D6F8EE20081F7900D1F3A7 /* CustomTableViewCell.swift */ = {isa = PBXFileReference; lastKnownFileType = sourcecode.swift; path = CustomTableViewCell.swift; sourceTree = "<group>"; };
		81D6F8F220085D4700D1F3A7 /* UserDefaultsHelper.swift */ = {isa = PBXFileReference; lastKnownFileType = sourcecode.swift; path = UserDefaultsHelper.swift; sourceTree = "<group>"; };
/* End PBXFileReference section */

/* Begin PBXFrameworksBuildPhase section */
		5410A6BA1FFFDF1200935A9A /* Frameworks */ = {
			isa = PBXFrameworksBuildPhase;
			buildActionMask = 2147483647;
			files = (
			);
			runOnlyForDeploymentPostprocessing = 0;
		};
/* End PBXFrameworksBuildPhase section */

/* Begin PBXGroup section */
		5410A6B41FFFDF1200935A9A = {
			isa = PBXGroup;
			children = (
				5410A6BF1FFFDF1200935A9A /* Unit4Week3Homework-StudentVersion */,
				5410A6BE1FFFDF1200935A9A /* Products */,
			);
			sourceTree = "<group>";
		};
		5410A6BE1FFFDF1200935A9A /* Products */ = {
			isa = PBXGroup;
			children = (
				5410A6BD1FFFDF1200935A9A /* Unit4Week3Homework-StudentVersion.app */,
			);
			name = Products;
			sourceTree = "<group>";
		};
		5410A6BF1FFFDF1200935A9A /* Unit4Week3Homework-StudentVersion */ = {
			isa = PBXGroup;
			children = (
				819AA3122000911C00048DB7 /* Views */,
				819AA311200090CC00048DB7 /* Models */,
				819AA30F200090A900048DB7 /* Supporting Files */,
				819AA310200090BC00048DB7 /* ViewControllers */,
				5410A6CC1FFFDF1200935A9A /* Info.plist */,
			);
			path = "Unit4Week3Homework-StudentVersion";
			sourceTree = "<group>";
		};
		819AA30F200090A900048DB7 /* Supporting Files */ = {
			isa = PBXGroup;
			children = (
				5410A6C01FFFDF1200935A9A /* AppDelegate.swift */,
				5410A6C71FFFDF1200935A9A /* Assets.xcassets */,
			);
			path = "Supporting Files";
			sourceTree = "<group>";
		};
		819AA310200090BC00048DB7 /* ViewControllers */ = {
			isa = PBXGroup;
			children = (
				5410A6C21FFFDF1200935A9A /* WeatherViewController.swift */,
				819AA31520009BCD00048DB7 /* DetailedWeatherViewController.swift */,
				819AA3132000942D00048DB7 /* FavoriteViewController.swift */,
				815FEAC82008743600CF9587 /* MapViewController.swift */,
			);
			path = ViewControllers;
			sourceTree = "<group>";
		};
		819AA311200090CC00048DB7 /* Models */ = {
			isa = PBXGroup;
			children = (
				5410A6D21FFFDF6500935A9A /* ZipCodeHelper.swift */,
				81D6F8E62007F26A00D1F3A7 /* Photo Model.swift */,
				81D6F8E82007F29300D1F3A7 /* Photo APIClient.swift */,
				81D6F8EA2007F33B00D1F3A7 /* Image APIClient.swift */,
				81D6F8DC20070F5A00D1F3A7 /* NetworkHelper.swift */,
				81D6F8DE2007138C00D1F3A7 /* Forcast Model.swift */,
				81D6F8E02007CA4000D1F3A7 /* Forcast APIClient.swift */,
				81D6F8EC20080F1D00D1F3A7 /* FileManagerHelper.swift */,
				81D6F8F220085D4700D1F3A7 /* UserDefaultsHelper.swift */,
			);
			path = Models;
			sourceTree = "<group>";
		};
		819AA3122000911C00048DB7 /* Views */ = {
			isa = PBXGroup;
			children = (
				819AA317200305B600048DB7 /* SavedForcastView.swift */,
				819AA31B20030FC500048DB7 /* ForcastSearchView.swift */,
				819AA31D2003146A00048DB7 /* CustomSearchCollectionViewCell.swift */,
				81D6F8DA20069EA600D1F3A7 /* DetailWeatherView.swift */,
				81D6F8EE20081F7900D1F3A7 /* CustomTableViewCell.swift */,
				810982D120087610004142A5 /* MapView.swift */,
			);
			path = Views;
			sourceTree = "<group>";
		};
/* End PBXGroup section */

/* Begin PBXNativeTarget section */
		5410A6BC1FFFDF1200935A9A /* Unit4Week3Homework-StudentVersion */ = {
			isa = PBXNativeTarget;
			buildConfigurationList = 5410A6CF1FFFDF1200935A9A /* Build configuration list for PBXNativeTarget "Unit4Week3Homework-StudentVersion" */;
			buildPhases = (
				5410A6B91FFFDF1200935A9A /* Sources */,
				5410A6BA1FFFDF1200935A9A /* Frameworks */,
				5410A6BB1FFFDF1200935A9A /* Resources */,
			);
			buildRules = (
			);
			dependencies = (
			);
			name = "Unit4Week3Homework-StudentVersion";
			productName = "Unit4Week3Homework-StudentVersion";
			productReference = 5410A6BD1FFFDF1200935A9A /* Unit4Week3Homework-StudentVersion.app */;
			productType = "com.apple.product-type.application";
		};
/* End PBXNativeTarget section */

/* Begin PBXProject section */
		5410A6B51FFFDF1200935A9A /* Project object */ = {
			isa = PBXProject;
			attributes = {
				LastSwiftUpdateCheck = 0920;
				LastUpgradeCheck = 0920;
				ORGANIZATIONNAME = "C4Q ";
				TargetAttributes = {
					5410A6BC1FFFDF1200935A9A = {
						CreatedOnToolsVersion = 9.2;
						ProvisioningStyle = Automatic;
					};
				};
			};
			buildConfigurationList = 5410A6B81FFFDF1200935A9A /* Build configuration list for PBXProject "Unit4Week3Homework-StudentVersion" */;
			compatibilityVersion = "Xcode 8.0";
			developmentRegion = en;
			hasScannedForEncodings = 0;
			knownRegions = (
				en,
				Base,
			);
			mainGroup = 5410A6B41FFFDF1200935A9A;
			productRefGroup = 5410A6BE1FFFDF1200935A9A /* Products */;
			projectDirPath = "";
			projectRoot = "";
			targets = (
				5410A6BC1FFFDF1200935A9A /* Unit4Week3Homework-StudentVersion */,
			);
		};
/* End PBXProject section */

/* Begin PBXResourcesBuildPhase section */
		5410A6BB1FFFDF1200935A9A /* Resources */ = {
			isa = PBXResourcesBuildPhase;
			buildActionMask = 2147483647;
			files = (
				5410A6C81FFFDF1200935A9A /* Assets.xcassets in Resources */,
			);
			runOnlyForDeploymentPostprocessing = 0;
		};
/* End PBXResourcesBuildPhase section */

/* Begin PBXSourcesBuildPhase section */
		5410A6B91FFFDF1200935A9A /* Sources */ = {
			isa = PBXSourcesBuildPhase;
			buildActionMask = 2147483647;
			files = (
				81D6F8F320085D4700D1F3A7 /* UserDefaultsHelper.swift in Sources */,
				5410A6D31FFFDF6500935A9A /* ZipCodeHelper.swift in Sources */,
				5410A6C31FFFDF1200935A9A /* WeatherViewController.swift in Sources */,
				81D6F8DB20069EA600D1F3A7 /* DetailWeatherView.swift in Sources */,
				819AA3142000942D00048DB7 /* FavoriteViewController.swift in Sources */,
				81D6F8DD20070F5A00D1F3A7 /* NetworkHelper.swift in Sources */,
				81D6F8E92007F29300D1F3A7 /* Photo APIClient.swift in Sources */,
				815FEAC92008743600CF9587 /* MapViewController.swift in Sources */,
				81D6F8E72007F26A00D1F3A7 /* Photo Model.swift in Sources */,
				819AA318200305B600048DB7 /* SavedForcastView.swift in Sources */,
				819AA31620009BCD00048DB7 /* DetailedWeatherViewController.swift in Sources */,
				81D6F8EF20081F7900D1F3A7 /* CustomTableViewCell.swift in Sources */,
				81D6F8ED20080F1D00D1F3A7 /* FileManagerHelper.swift in Sources */,
				819AA31C20030FC500048DB7 /* ForcastSearchView.swift in Sources */,
				81D6F8DF2007138C00D1F3A7 /* Forcast Model.swift in Sources */,
				81D6F8EB2007F33B00D1F3A7 /* Image APIClient.swift in Sources */,
				81D6F8E12007CA4000D1F3A7 /* Forcast APIClient.swift in Sources */,
				810982D220087610004142A5 /* MapView.swift in Sources */,
				5410A6C11FFFDF1200935A9A /* AppDelegate.swift in Sources */,
				819AA31E2003146A00048DB7 /* CustomSearchCollectionViewCell.swift in Sources */,
			);
			runOnlyForDeploymentPostprocessing = 0;
		};
/* End PBXSourcesBuildPhase section */

/* Begin XCBuildConfiguration section */
		5410A6CD1FFFDF1200935A9A /* Debug */ = {
			isa = XCBuildConfiguration;
			buildSettings = {
				ALWAYS_SEARCH_USER_PATHS = NO;
				CLANG_ANALYZER_NONNULL = YES;
				CLANG_ANALYZER_NUMBER_OBJECT_CONVERSION = YES_AGGRESSIVE;
				CLANG_CXX_LANGUAGE_STANDARD = "gnu++14";
				CLANG_CXX_LIBRARY = "libc++";
				CLANG_ENABLE_MODULES = YES;
				CLANG_ENABLE_OBJC_ARC = YES;
				CLANG_WARN_BLOCK_CAPTURE_AUTORELEASING = YES;
				CLANG_WARN_BOOL_CONVERSION = YES;
				CLANG_WARN_COMMA = YES;
				CLANG_WARN_CONSTANT_CONVERSION = YES;
				CLANG_WARN_DIRECT_OBJC_ISA_USAGE = YES_ERROR;
				CLANG_WARN_DOCUMENTATION_COMMENTS = YES;
				CLANG_WARN_EMPTY_BODY = YES;
				CLANG_WARN_ENUM_CONVERSION = YES;
				CLANG_WARN_INFINITE_RECURSION = YES;
				CLANG_WARN_INT_CONVERSION = YES;
				CLANG_WARN_NON_LITERAL_NULL_CONVERSION = YES;
				CLANG_WARN_OBJC_LITERAL_CONVERSION = YES;
				CLANG_WARN_OBJC_ROOT_CLASS = YES_ERROR;
				CLANG_WARN_RANGE_LOOP_ANALYSIS = YES;
				CLANG_WARN_STRICT_PROTOTYPES = YES;
				CLANG_WARN_SUSPICIOUS_MOVE = YES;
				CLANG_WARN_UNGUARDED_AVAILABILITY = YES_AGGRESSIVE;
				CLANG_WARN_UNREACHABLE_CODE = YES;
				CLANG_WARN__DUPLICATE_METHOD_MATCH = YES;
				CODE_SIGN_IDENTITY = "iPhone Developer";
				COPY_PHASE_STRIP = NO;
				DEBUG_INFORMATION_FORMAT = dwarf;
				ENABLE_STRICT_OBJC_MSGSEND = YES;
				ENABLE_TESTABILITY = YES;
				GCC_C_LANGUAGE_STANDARD = gnu11;
				GCC_DYNAMIC_NO_PIC = NO;
				GCC_NO_COMMON_BLOCKS = YES;
				GCC_OPTIMIZATION_LEVEL = 0;
				GCC_PREPROCESSOR_DEFINITIONS = (
					"DEBUG=1",
					"$(inherited)",
				);
				GCC_WARN_64_TO_32_BIT_CONVERSION = YES;
				GCC_WARN_ABOUT_RETURN_TYPE = YES_ERROR;
				GCC_WARN_UNDECLARED_SELECTOR = YES;
				GCC_WARN_UNINITIALIZED_AUTOS = YES_AGGRESSIVE;
				GCC_WARN_UNUSED_FUNCTION = YES;
				GCC_WARN_UNUSED_VARIABLE = YES;
				IPHONEOS_DEPLOYMENT_TARGET = 11.2;
				MTL_ENABLE_DEBUG_INFO = YES;
				ONLY_ACTIVE_ARCH = YES;
				SDKROOT = iphoneos;
				SWIFT_ACTIVE_COMPILATION_CONDITIONS = DEBUG;
				SWIFT_OPTIMIZATION_LEVEL = "-Onone";
			};
			name = Debug;
		};
		5410A6CE1FFFDF1200935A9A /* Release */ = {
			isa = XCBuildConfiguration;
			buildSettings = {
				ALWAYS_SEARCH_USER_PATHS = NO;
				CLANG_ANALYZER_NONNULL = YES;
				CLANG_ANALYZER_NUMBER_OBJECT_CONVERSION = YES_AGGRESSIVE;
				CLANG_CXX_LANGUAGE_STANDARD = "gnu++14";
				CLANG_CXX_LIBRARY = "libc++";
				CLANG_ENABLE_MODULES = YES;
				CLANG_ENABLE_OBJC_ARC = YES;
				CLANG_WARN_BLOCK_CAPTURE_AUTORELEASING = YES;
				CLANG_WARN_BOOL_CONVERSION = YES;
				CLANG_WARN_COMMA = YES;
				CLANG_WARN_CONSTANT_CONVERSION = YES;
				CLANG_WARN_DIRECT_OBJC_ISA_USAGE = YES_ERROR;
				CLANG_WARN_DOCUMENTATION_COMMENTS = YES;
				CLANG_WARN_EMPTY_BODY = YES;
				CLANG_WARN_ENUM_CONVERSION = YES;
				CLANG_WARN_INFINITE_RECURSION = YES;
				CLANG_WARN_INT_CONVERSION = YES;
				CLANG_WARN_NON_LITERAL_NULL_CONVERSION = YES;
				CLANG_WARN_OBJC_LITERAL_CONVERSION = YES;
				CLANG_WARN_OBJC_ROOT_CLASS = YES_ERROR;
				CLANG_WARN_RANGE_LOOP_ANALYSIS = YES;
				CLANG_WARN_STRICT_PROTOTYPES = YES;
				CLANG_WARN_SUSPICIOUS_MOVE = YES;
				CLANG_WARN_UNGUARDED_AVAILABILITY = YES_AGGRESSIVE;
				CLANG_WARN_UNREACHABLE_CODE = YES;
				CLANG_WARN__DUPLICATE_METHOD_MATCH = YES;
				CODE_SIGN_IDENTITY = "iPhone Developer";
				COPY_PHASE_STRIP = NO;
				DEBUG_INFORMATION_FORMAT = "dwarf-with-dsym";
				ENABLE_NS_ASSERTIONS = NO;
				ENABLE_STRICT_OBJC_MSGSEND = YES;
				GCC_C_LANGUAGE_STANDARD = gnu11;
				GCC_NO_COMMON_BLOCKS = YES;
				GCC_WARN_64_TO_32_BIT_CONVERSION = YES;
				GCC_WARN_ABOUT_RETURN_TYPE = YES_ERROR;
				GCC_WARN_UNDECLARED_SELECTOR = YES;
				GCC_WARN_UNINITIALIZED_AUTOS = YES_AGGRESSIVE;
				GCC_WARN_UNUSED_FUNCTION = YES;
				GCC_WARN_UNUSED_VARIABLE = YES;
				IPHONEOS_DEPLOYMENT_TARGET = 11.2;
				MTL_ENABLE_DEBUG_INFO = NO;
				SDKROOT = iphoneos;
				SWIFT_OPTIMIZATION_LEVEL = "-Owholemodule";
				VALIDATE_PRODUCT = YES;
			};
			name = Release;
		};
		5410A6D01FFFDF1200935A9A /* Debug */ = {
			isa = XCBuildConfiguration;
			buildSettings = {
				ASSETCATALOG_COMPILER_APPICON_NAME = AppIcon;
				CODE_SIGN_STYLE = Automatic;
				INFOPLIST_FILE = "Unit4Week3Homework-StudentVersion/Info.plist";
				LD_RUNPATH_SEARCH_PATHS = "$(inherited) @executable_path/Frameworks";
				PRODUCT_BUNDLE_IDENTIFIER = "c4q.Unit4Week3Homework-StudentVersion";
				PRODUCT_NAME = "$(TARGET_NAME)";
				SWIFT_VERSION = 4.0;
				TARGETED_DEVICE_FAMILY = "1,2";
			};
			name = Debug;
		};
		5410A6D11FFFDF1200935A9A /* Release */ = {
			isa = XCBuildConfiguration;
			buildSettings = {
				ASSETCATALOG_COMPILER_APPICON_NAME = AppIcon;
				CODE_SIGN_STYLE = Automatic;
				INFOPLIST_FILE = "Unit4Week3Homework-StudentVersion/Info.plist";
				LD_RUNPATH_SEARCH_PATHS = "$(inherited) @executable_path/Frameworks";
				PRODUCT_BUNDLE_IDENTIFIER = "c4q.Unit4Week3Homework-StudentVersion";
				PRODUCT_NAME = "$(TARGET_NAME)";
				SWIFT_VERSION = 4.0;
				TARGETED_DEVICE_FAMILY = "1,2";
			};
			name = Release;
		};
/* End XCBuildConfiguration section */

/* Begin XCConfigurationList section */
		5410A6B81FFFDF1200935A9A /* Build configuration list for PBXProject "Unit4Week3Homework-StudentVersion" */ = {
			isa = XCConfigurationList;
			buildConfigurations = (
				5410A6CD1FFFDF1200935A9A /* Debug */,
				5410A6CE1FFFDF1200935A9A /* Release */,
			);
			defaultConfigurationIsVisible = 0;
			defaultConfigurationName = Release;
		};
		5410A6CF1FFFDF1200935A9A /* Build configuration list for PBXNativeTarget "Unit4Week3Homework-StudentVersion" */ = {
			isa = XCConfigurationList;
			buildConfigurations = (
				5410A6D01FFFDF1200935A9A /* Debug */,
				5410A6D11FFFDF1200935A9A /* Release */,
			);
			defaultConfigurationIsVisible = 0;
			defaultConfigurationName = Release;
		};
/* End XCConfigurationList section */
	};
	rootObject = 5410A6B51FFFDF1200935A9A /* Project object */;
}
